
Microsoft Visual Studio Solution File, Format Version 12.00
# Visual Studio Version 17
VisualStudioVersion = 17.12.35527.113 d17.12
MinimumVisualStudioVersion = 10.0.40219.1
Project("{FAE04EC0-301F-11D3-BF4B-00C04F79EFBC}") = "TalabatAPIs", "TalabatAPIs\TalabatAPIs.csproj", "{1578FA35-3228-4869-8DDC-F03B8E72CCA6}"
EndProject
Project("{FAE04EC0-301F-11D3-BF4B-00C04F79EFBC}") = "Talabat.Core", "Talabat.Core\Talabat.Core.csproj", "{C9F7D99B-8012-4406-A15F-057AFD14F1F1}"
EndProject
Project("{FAE04EC0-301F-11D3-BF4B-00C04F79EFBC}") = "Talabat.Repository", "Talabat.Repository\Talabat.Repository.csproj", "{9480DFA8-9B87-45C8-967F-F9417F9E1601}"
EndProject
Project("{FAE04EC0-301F-11D3-BF4B-00C04F79EFBC}") = "Talabat.Services", "Talabat.Services\Talabat.Services.csproj", "{A09FB3F1-FCBB-4047-90A3-58B666B6EAA3}"
EndProject
Global
	GlobalSection(SolutionConfigurationPlatforms) = preSolution
		Debug|Any CPU = Debug|Any CPU
		Release|Any CPU = Release|Any CPU
	EndGlobalSection
	GlobalSection(ProjectConfigurationPlatforms) = postSolution
		{1578FA35-3228-4869-8DDC-F03B8E72CCA6}.Debug|Any CPU.ActiveCfg = Debug|Any CPU
		{1578FA35-3228-4869-8DDC-F03B8E72CCA6}.Debug|Any CPU.Build.0 = Debug|Any CPU
		{1578FA35-3228-4869-8DDC-F03B8E72CCA6}.Release|Any CPU.ActiveCfg = Release|Any CPU
		{1578FA35-3228-4869-8DDC-F03B8E72CCA6}.Release|Any CPU.Build.0 = Release|Any CPU
		{C9F7D99B-8012-4406-A15F-057AFD14F1F1}.Debug|Any CPU.ActiveCfg = Debug|Any CPU
		{C9F7D99B-8012-4406-A15F-057AFD14F1F1}.Debug|Any CPU.Build.0 = Debug|Any CPU
		{C9F7D99B-8012-4406-A15F-057AFD14F1F1}.Release|Any CPU.ActiveCfg = Release|Any CPU
		{C9F7D99B-8012-4406-A15F-057AFD14F1F1}.Release|Any CPU.Build.0 = Release|Any CPU
		{9480DFA8-9B87-45C8-967F-F9417F9E1601}.Debug|Any CPU.ActiveCfg = Debug|Any CPU
		{9480DFA8-9B87-45C8-967F-F9417F9E1601}.Debug|Any CPU.Build.0 = Debug|Any CPU
		{9480DFA8-9B87-45C8-967F-F9417F9E1601}.Release|Any CPU.ActiveCfg = Release|Any CPU
		{9480DFA8-9B87-45C8-967F-F9417F9E1601}.Release|Any CPU.Build.0 = Release|Any CPU
		{A09FB3F1-FCBB-4047-90A3-58B666B6EAA3}.Debug|Any CPU.ActiveCfg = Debug|Any CPU
		{A09FB3F1-FCBB-4047-90A3-58B666B6EAA3}.Debug|Any CPU.Build.0 = Debug|Any CPU
		{A09FB3F1-FCBB-4047-90A3-58B666B6EAA3}.Release|Any CPU.ActiveCfg = Release|Any CPU
		{A09FB3F1-FCBB-4047-90A3-58B666B6EAA3}.Release|Any CPU.Build.0 = Release|Any CPU
	EndGlobalSection
	GlobalSection(SolutionProperties) = preSolution
		HideSolutionNode = FALSE
	EndGlobalSection
EndGlobal
